
Microsoft Visual Studio Solution File, Format Version 12.00
# Visual Studio 14
VisualStudioVersion = 14.0.25420.1
MinimumVisualStudioVersion = 10.0.40219.1
Project("{FAE04EC0-301F-11D3-BF4B-00C04F79EFBC}") = "DemoMetup.Droid", "DemoMetup\DemoMetup.Droid\DemoMetup.Droid.csproj", "{9B2AEB0A-DBB2-462E-BD1B-39FE2EC73DDB}"
EndProject
Project("{FAE04EC0-301F-11D3-BF4B-00C04F79EFBC}") = "DemoMetup.iOS", "DemoMetup\DemoMetup.iOS\DemoMetup.iOS.csproj", "{E09D0BFB-E3F6-48D6-ACA7-C042BE13950A}"
EndProject
Project("{FAE04EC0-301F-11D3-BF4B-00C04F79EFBC}") = "DemoMetup.WinPhone", "DemoMetup\DemoMetup.WinPhone\DemoMetup.WinPhone.csproj", "{E143310E-957A-4250-8FC6-9F3BC65616C3}"
EndProject
Project("{FAE04EC0-301F-11D3-BF4B-00C04F79EFBC}") = "DemoMetup.UWP", "DemoMetup\DemoMetup.UWP\DemoMetup.UWP.csproj", "{470FFA1C-3ED5-4ACD-A0BF-8FAAAFADED9A}"
EndProject
Project("{FAE04EC0-301F-11D3-BF4B-00C04F79EFBC}") = "DemoMetup.Windows", "DemoMetup\DemoMetup.Windows\DemoMetup.Windows.csproj", "{5D8E7B90-A51E-4975-9EAD-54A9694995CF}"
EndProject
Project("{FAE04EC0-301F-11D3-BF4B-00C04F79EFBC}") = "DemoMetup", "DemoMetup\DemoMetup\DemoMetup.csproj", "{0D2443BE-11E6-40A6-9DEE-2E536847A753}"
EndProject
Global
	GlobalSection(SolutionConfigurationPlatforms) = preSolution
		Ad-Hoc|Any CPU = Ad-Hoc|Any CPU
		Ad-Hoc|ARM = Ad-Hoc|ARM
		Ad-Hoc|iPhone = Ad-Hoc|iPhone
		Ad-Hoc|iPhoneSimulator = Ad-Hoc|iPhoneSimulator
		Ad-Hoc|x64 = Ad-Hoc|x64
		Ad-Hoc|x86 = Ad-Hoc|x86
		AppStore|Any CPU = AppStore|Any CPU
		AppStore|ARM = AppStore|ARM
		AppStore|iPhone = AppStore|iPhone
		AppStore|iPhoneSimulator = AppStore|iPhoneSimulator
		AppStore|x64 = AppStore|x64
		AppStore|x86 = AppStore|x86
		Debug|Any CPU = Debug|Any CPU
		Debug|ARM = Debug|ARM
		Debug|iPhone = Debug|iPhone
		Debug|iPhoneSimulator = Debug|iPhoneSimulator
		Debug|x64 = Debug|x64
		Debug|x86 = Debug|x86
		Release|Any CPU = Release|Any CPU
		Release|ARM = Release|ARM
		Release|iPhone = Release|iPhone
		Release|iPhoneSimulator = Release|iPhoneSimulator
		Release|x64 = Release|x64
		Release|x86 = Release|x86
	EndGlobalSection
	GlobalSection(ProjectConfigurationPlatforms) = postSolution
		{9B2AEB0A-DBB2-462E-BD1B-39FE2EC73DDB}.Ad-Hoc|Any CPU.ActiveCfg = Release|Any CPU
		{9B2AEB0A-DBB2-462E-BD1B-39FE2EC73DDB}.Ad-Hoc|Any CPU.Build.0 = Release|Any CPU
		{9B2AEB0A-DBB2-462E-BD1B-39FE2EC73DDB}.Ad-Hoc|Any CPU.Deploy.0 = Release|Any CPU
		{9B2AEB0A-DBB2-462E-BD1B-39FE2EC73DDB}.Ad-Hoc|ARM.ActiveCfg = Release|Any CPU
		{9B2AEB0A-DBB2-462E-BD1B-39FE2EC73DDB}.Ad-Hoc|ARM.Build.0 = Release|Any CPU
		{9B2AEB0A-DBB2-462E-BD1B-39FE2EC73DDB}.Ad-Hoc|ARM.Deploy.0 = Release|Any CPU
		{9B2AEB0A-DBB2-462E-BD1B-39FE2EC73DDB}.Ad-Hoc|iPhone.ActiveCfg = Release|Any CPU
		{9B2AEB0A-DBB2-462E-BD1B-39FE2EC73DDB}.Ad-Hoc|iPhone.Build.0 = Release|Any CPU
		{9B2AEB0A-DBB2-462E-BD1B-39FE2EC73DDB}.Ad-Hoc|iPhone.Deploy.0 = Release|Any CPU
		{9B2AEB0A-DBB2-462E-BD1B-39FE2EC73DDB}.Ad-Hoc|iPhoneSimulator.ActiveCfg = Release|Any CPU
		{9B2AEB0A-DBB2-462E-BD1B-39FE2EC73DDB}.Ad-Hoc|iPhoneSimulator.Build.0 = Release|Any CPU
		{9B2AEB0A-DBB2-462E-BD1B-39FE2EC73DDB}.Ad-Hoc|iPhoneSimulator.Deploy.0 = Release|Any CPU
		{9B2AEB0A-DBB2-462E-BD1B-39FE2EC73DDB}.Ad-Hoc|x64.ActiveCfg = Release|Any CPU
		{9B2AEB0A-DBB2-462E-BD1B-39FE2EC73DDB}.Ad-Hoc|x64.Build.0 = Release|Any CPU
		{9B2AEB0A-DBB2-462E-BD1B-39FE2EC73DDB}.Ad-Hoc|x64.Deploy.0 = Release|Any CPU
		{9B2AEB0A-DBB2-462E-BD1B-39FE2EC73DDB}.Ad-Hoc|x86.ActiveCfg = Release|Any CPU
		{9B2AEB0A-DBB2-462E-BD1B-39FE2EC73DDB}.Ad-Hoc|x86.Build.0 = Release|Any CPU
		{9B2AEB0A-DBB2-462E-BD1B-39FE2EC73DDB}.Ad-Hoc|x86.Deploy.0 = Release|Any CPU
		{9B2AEB0A-DBB2-462E-BD1B-39FE2EC73DDB}.AppStore|Any CPU.ActiveCfg = Release|Any CPU
		{9B2AEB0A-DBB2-462E-BD1B-39FE2EC73DDB}.AppStore|Any CPU.Build.0 = Release|Any CPU
		{9B2AEB0A-DBB2-462E-BD1B-39FE2EC73DDB}.AppStore|Any CPU.Deploy.0 = Release|Any CPU
		{9B2AEB0A-DBB2-462E-BD1B-39FE2EC73DDB}.AppStore|ARM.ActiveCfg = Release|Any CPU
		{9B2AEB0A-DBB2-462E-BD1B-39FE2EC73DDB}.AppStore|ARM.Build.0 = Release|Any CPU
		{9B2AEB0A-DBB2-462E-BD1B-39FE2EC73DDB}.AppStore|ARM.Deploy.0 = Release|Any CPU
		{9B2AEB0A-DBB2-462E-BD1B-39FE2EC73DDB}.AppStore|iPhone.ActiveCfg = Release|Any CPU
		{9B2AEB0A-DBB2-462E-BD1B-39FE2EC73DDB}.AppStore|iPhone.Build.0 = Release|Any CPU
		{9B2AEB0A-DBB2-462E-BD1B-39FE2EC73DDB}.AppStore|iPhone.Deploy.0 = Release|Any CPU
		{9B2AEB0A-DBB2-462E-BD1B-39FE2EC73DDB}.AppStore|iPhoneSimulator.ActiveCfg = Release|Any CPU
		{9B2AEB0A-DBB2-462E-BD1B-39FE2EC73DDB}.AppStore|iPhoneSimulator.Build.0 = Release|Any CPU
		{9B2AEB0A-DBB2-462E-BD1B-39FE2EC73DDB}.AppStore|iPhoneSimulator.Deploy.0 = Release|Any CPU
		{9B2AEB0A-DBB2-462E-BD1B-39FE2EC73DDB}.AppStore|x64.ActiveCfg = Release|Any CPU
		{9B2AEB0A-DBB2-462E-BD1B-39FE2EC73DDB}.AppStore|x64.Build.0 = Release|Any CPU
		{9B2AEB0A-DBB2-462E-BD1B-39FE2EC73DDB}.AppStore|x64.Deploy.0 = Release|Any CPU
		{9B2AEB0A-DBB2-462E-BD1B-39FE2EC73DDB}.AppStore|x86.ActiveCfg = Release|Any CPU
		{9B2AEB0A-DBB2-462E-BD1B-39FE2EC73DDB}.AppStore|x86.Build.0 = Release|Any CPU
		{9B2AEB0A-DBB2-462E-BD1B-39FE2EC73DDB}.AppStore|x86.Deploy.0 = Release|Any CPU
		{9B2AEB0A-DBB2-462E-BD1B-39FE2EC73DDB}.Debug|Any CPU.ActiveCfg = Debug|Any CPU
		{9B2AEB0A-DBB2-462E-BD1B-39FE2EC73DDB}.Debug|Any CPU.Build.0 = Debug|Any CPU
		{9B2AEB0A-DBB2-462E-BD1B-39FE2EC73DDB}.Debug|Any CPU.Deploy.0 = Debug|Any CPU
		{9B2AEB0A-DBB2-462E-BD1B-39FE2EC73DDB}.Debug|ARM.ActiveCfg = Debug|Any CPU
		{9B2AEB0A-DBB2-462E-BD1B-39FE2EC73DDB}.Debug|ARM.Build.0 = Debug|Any CPU
		{9B2AEB0A-DBB2-462E-BD1B-39FE2EC73DDB}.Debug|ARM.Deploy.0 = Debug|Any CPU
		{9B2AEB0A-DBB2-462E-BD1B-39FE2EC73DDB}.Debug|iPhone.ActiveCfg = Debug|Any CPU
		{9B2AEB0A-DBB2-462E-BD1B-39FE2EC73DDB}.Debug|iPhone.Build.0 = Debug|Any CPU
		{9B2AEB0A-DBB2-462E-BD1B-39FE2EC73DDB}.Debug|iPhone.Deploy.0 = Debug|Any CPU
		{9B2AEB0A-DBB2-462E-BD1B-39FE2EC73DDB}.Debug|iPhoneSimulator.ActiveCfg = Debug|Any CPU
		{9B2AEB0A-DBB2-462E-BD1B-39FE2EC73DDB}.Debug|iPhoneSimulator.Build.0 = Debug|Any CPU
		{9B2AEB0A-DBB2-462E-BD1B-39FE2EC73DDB}.Debug|iPhoneSimulator.Deploy.0 = Debug|Any CPU
		{9B2AEB0A-DBB2-462E-BD1B-39FE2EC73DDB}.Debug|x64.ActiveCfg = Debug|Any CPU
		{9B2AEB0A-DBB2-462E-BD1B-39FE2EC73DDB}.Debug|x64.Build.0 = Debug|Any CPU
		{9B2AEB0A-DBB2-462E-BD1B-39FE2EC73DDB}.Debug|x64.Deploy.0 = Debug|Any CPU
		{9B2AEB0A-DBB2-462E-BD1B-39FE2EC73DDB}.Debug|x86.ActiveCfg = Debug|Any CPU
		{9B2AEB0A-DBB2-462E-BD1B-39FE2EC73DDB}.Debug|x86.Build.0 = Debug|Any CPU
		{9B2AEB0A-DBB2-462E-BD1B-39FE2EC73DDB}.Debug|x86.Deploy.0 = Debug|Any CPU
		{9B2AEB0A-DBB2-462E-BD1B-39FE2EC73DDB}.Release|Any CPU.ActiveCfg = Release|Any CPU
		{9B2AEB0A-DBB2-462E-BD1B-39FE2EC73DDB}.Release|Any CPU.Build.0 = Release|Any CPU
		{9B2AEB0A-DBB2-462E-BD1B-39FE2EC73DDB}.Release|Any CPU.Deploy.0 = Release|Any CPU
		{9B2AEB0A-DBB2-462E-BD1B-39FE2EC73DDB}.Release|ARM.ActiveCfg = Release|Any CPU
		{9B2AEB0A-DBB2-462E-BD1B-39FE2EC73DDB}.Release|ARM.Build.0 = Release|Any CPU
		{9B2AEB0A-DBB2-462E-BD1B-39FE2EC73DDB}.Release|ARM.Deploy.0 = Release|Any CPU
		{9B2AEB0A-DBB2-462E-BD1B-39FE2EC73DDB}.Release|iPhone.ActiveCfg = Release|Any CPU
		{9B2AEB0A-DBB2-462E-BD1B-39FE2EC73DDB}.Release|iPhone.Build.0 = Release|Any CPU
		{9B2AEB0A-DBB2-462E-BD1B-39FE2EC73DDB}.Release|iPhone.Deploy.0 = Release|Any CPU
		{9B2AEB0A-DBB2-462E-BD1B-39FE2EC73DDB}.Release|iPhoneSimulator.ActiveCfg = Release|Any CPU
		{9B2AEB0A-DBB2-462E-BD1B-39FE2EC73DDB}.Release|iPhoneSimulator.Build.0 = Release|Any CPU
		{9B2AEB0A-DBB2-462E-BD1B-39FE2EC73DDB}.Release|iPhoneSimulator.Deploy.0 = Release|Any CPU
		{9B2AEB0A-DBB2-462E-BD1B-39FE2EC73DDB}.Release|x64.ActiveCfg = Release|Any CPU
		{9B2AEB0A-DBB2-462E-BD1B-39FE2EC73DDB}.Release|x64.Build.0 = Release|Any CPU
		{9B2AEB0A-DBB2-462E-BD1B-39FE2EC73DDB}.Release|x64.Deploy.0 = Release|Any CPU
		{9B2AEB0A-DBB2-462E-BD1B-39FE2EC73DDB}.Release|x86.ActiveCfg = Release|Any CPU
		{9B2AEB0A-DBB2-462E-BD1B-39FE2EC73DDB}.Release|x86.Build.0 = Release|Any CPU
		{9B2AEB0A-DBB2-462E-BD1B-39FE2EC73DDB}.Release|x86.Deploy.0 = Release|Any CPU
		{E09D0BFB-E3F6-48D6-ACA7-C042BE13950A}.Ad-Hoc|Any CPU.ActiveCfg = Ad-Hoc|iPhone
		{E09D0BFB-E3F6-48D6-ACA7-C042BE13950A}.Ad-Hoc|ARM.ActiveCfg = Ad-Hoc|iPhone
		{E09D0BFB-E3F6-48D6-ACA7-C042BE13950A}.Ad-Hoc|iPhone.ActiveCfg = Ad-Hoc|iPhone
		{E09D0BFB-E3F6-48D6-ACA7-C042BE13950A}.Ad-Hoc|iPhone.Build.0 = Ad-Hoc|iPhone
		{E09D0BFB-E3F6-48D6-ACA7-C042BE13950A}.Ad-Hoc|iPhoneSimulator.ActiveCfg = Ad-Hoc|iPhoneSimulator
		{E09D0BFB-E3F6-48D6-ACA7-C042BE13950A}.Ad-Hoc|iPhoneSimulator.Build.0 = Ad-Hoc|iPhoneSimulator
		{E09D0BFB-E3F6-48D6-ACA7-C042BE13950A}.Ad-Hoc|x64.ActiveCfg = Ad-Hoc|iPhone
		{E09D0BFB-E3F6-48D6-ACA7-C042BE13950A}.Ad-Hoc|x86.ActiveCfg = Ad-Hoc|iPhone
		{E09D0BFB-E3F6-48D6-ACA7-C042BE13950A}.AppStore|Any CPU.ActiveCfg = AppStore|iPhone
		{E09D0BFB-E3F6-48D6-ACA7-C042BE13950A}.AppStore|ARM.ActiveCfg = AppStore|iPhone
		{E09D0BFB-E3F6-48D6-ACA7-C042BE13950A}.AppStore|iPhone.ActiveCfg = AppStore|iPhone
		{E09D0BFB-E3F6-48D6-ACA7-C042BE13950A}.AppStore|iPhone.Build.0 = AppStore|iPhone
		{E09D0BFB-E3F6-48D6-ACA7-C042BE13950A}.AppStore|iPhoneSimulator.ActiveCfg = AppStore|iPhoneSimulator
		{E09D0BFB-E3F6-48D6-ACA7-C042BE13950A}.AppStore|iPhoneSimulator.Build.0 = AppStore|iPhoneSimulator
		{E09D0BFB-E3F6-48D6-ACA7-C042BE13950A}.AppStore|x64.ActiveCfg = AppStore|iPhone
		{E09D0BFB-E3F6-48D6-ACA7-C042BE13950A}.AppStore|x86.ActiveCfg = AppStore|iPhone
		{E09D0BFB-E3F6-48D6-ACA7-C042BE13950A}.Debug|Any CPU.ActiveCfg = Debug|iPhone
		{E09D0BFB-E3F6-48D6-ACA7-C042BE13950A}.Debug|ARM.ActiveCfg = Debug|iPhone
		{E09D0BFB-E3F6-48D6-ACA7-C042BE13950A}.Debug|iPhone.ActiveCfg = Debug|iPhone
		{E09D0BFB-E3F6-48D6-ACA7-C042BE13950A}.Debug|iPhone.Build.0 = Debug|iPhone
		{E09D0BFB-E3F6-48D6-ACA7-C042BE13950A}.Debug|iPhoneSimulator.ActiveCfg = Debug|iPhoneSimulator
		{E09D0BFB-E3F6-48D6-ACA7-C042BE13950A}.Debug|iPhoneSimulator.Build.0 = Debug|iPhoneSimulator
		{E09D0BFB-E3F6-48D6-ACA7-C042BE13950A}.Debug|x64.ActiveCfg = Debug|iPhone
		{E09D0BFB-E3F6-48D6-ACA7-C042BE13950A}.Debug|x86.ActiveCfg = Debug|iPhone
		{E09D0BFB-E3F6-48D6-ACA7-C042BE13950A}.Release|Any CPU.ActiveCfg = Release|iPhone
		{E09D0BFB-E3F6-48D6-ACA7-C042BE13950A}.Release|ARM.ActiveCfg = Release|iPhone
		{E09D0BFB-E3F6-48D6-ACA7-C042BE13950A}.Release|iPhone.ActiveCfg = Release|iPhone
		{E09D0BFB-E3F6-48D6-ACA7-C042BE13950A}.Release|iPhone.Build.0 = Release|iPhone
		{E09D0BFB-E3F6-48D6-ACA7-C042BE13950A}.Release|iPhoneSimulator.ActiveCfg = Release|iPhoneSimulator
		{E09D0BFB-E3F6-48D6-ACA7-C042BE13950A}.Release|iPhoneSimulator.Build.0 = Release|iPhoneSimulator
		{E09D0BFB-E3F6-48D6-ACA7-C042BE13950A}.Release|x64.ActiveCfg = Release|iPhone
		{E09D0BFB-E3F6-48D6-ACA7-C042BE13950A}.Release|x86.ActiveCfg = Release|iPhone
		{E143310E-957A-4250-8FC6-9F3BC65616C3}.Ad-Hoc|Any CPU.ActiveCfg = Release|Any CPU
		{E143310E-957A-4250-8FC6-9F3BC65616C3}.Ad-Hoc|Any CPU.Build.0 = Release|Any CPU
		{E143310E-957A-4250-8FC6-9F3BC65616C3}.Ad-Hoc|Any CPU.Deploy.0 = Release|Any CPU
		{E143310E-957A-4250-8FC6-9F3BC65616C3}.Ad-Hoc|ARM.ActiveCfg = Release|ARM
		{E143310E-957A-4250-8FC6-9F3BC65616C3}.Ad-Hoc|ARM.Build.0 = Release|ARM
		{E143310E-957A-4250-8FC6-9F3BC65616C3}.Ad-Hoc|ARM.Deploy.0 = Release|ARM
		{E143310E-957A-4250-8FC6-9F3BC65616C3}.Ad-Hoc|iPhone.ActiveCfg = Release|Any CPU
		{E143310E-957A-4250-8FC6-9F3BC65616C3}.Ad-Hoc|iPhone.Build.0 = Release|Any CPU
		{E143310E-957A-4250-8FC6-9F3BC65616C3}.Ad-Hoc|iPhone.Deploy.0 = Release|Any CPU
		{E143310E-957A-4250-8FC6-9F3BC65616C3}.Ad-Hoc|iPhoneSimulator.ActiveCfg = Release|Any CPU
		{E143310E-957A-4250-8FC6-9F3BC65616C3}.Ad-Hoc|iPhoneSimulator.Build.0 = Release|Any CPU
		{E143310E-957A-4250-8FC6-9F3BC65616C3}.Ad-Hoc|iPhoneSimulator.Deploy.0 = Release|Any CPU
		{E143310E-957A-4250-8FC6-9F3BC65616C3}.Ad-Hoc|x64.ActiveCfg = Release|Any CPU
		{E143310E-957A-4250-8FC6-9F3BC65616C3}.Ad-Hoc|x64.Build.0 = Release|Any CPU
		{E143310E-957A-4250-8FC6-9F3BC65616C3}.Ad-Hoc|x64.Deploy.0 = Release|Any CPU
		{E143310E-957A-4250-8FC6-9F3BC65616C3}.Ad-Hoc|x86.ActiveCfg = Release|x86
		{E143310E-957A-4250-8FC6-9F3BC65616C3}.Ad-Hoc|x86.Build.0 = Release|x86
		{E143310E-957A-4250-8FC6-9F3BC65616C3}.Ad-Hoc|x86.Deploy.0 = Release|x86
		{E143310E-957A-4250-8FC6-9F3BC65616C3}.AppStore|Any CPU.ActiveCfg = Release|Any CPU
		{E143310E-957A-4250-8FC6-9F3BC65616C3}.AppStore|Any CPU.Build.0 = Release|Any CPU
		{E143310E-957A-4250-8FC6-9F3BC65616C3}.AppStore|Any CPU.Deploy.0 = Release|Any CPU
		{E143310E-957A-4250-8FC6-9F3BC65616C3}.AppStore|ARM.ActiveCfg = Release|ARM
		{E143310E-957A-4250-8FC6-9F3BC65616C3}.AppStore|ARM.Build.0 = Release|ARM
		{E143310E-957A-4250-8FC6-9F3BC65616C3}.AppStore|ARM.Deploy.0 = Release|ARM
		{E143310E-957A-4250-8FC6-9F3BC65616C3}.AppStore|iPhone.ActiveCfg = Release|Any CPU
		{E143310E-957A-4250-8FC6-9F3BC65616C3}.AppStore|iPhone.Build.0 = Release|Any CPU
		{E143310E-957A-4250-8FC6-9F3BC65616C3}.AppStore|iPhone.Deploy.0 = Release|Any CPU
		{E143310E-957A-4250-8FC6-9F3BC65616C3}.AppStore|iPhoneSimulator.ActiveCfg = Release|Any CPU
		{E143310E-957A-4250-8FC6-9F3BC65616C3}.AppStore|iPhoneSimulator.Build.0 = Release|Any CPU
		{E143310E-957A-4250-8FC6-9F3BC65616C3}.AppStore|iPhoneSimulator.Deploy.0 = Release|Any CPU
		{E143310E-957A-4250-8FC6-9F3BC65616C3}.AppStore|x64.ActiveCfg = Release|Any CPU
		{E143310E-957A-4250-8FC6-9F3BC65616C3}.AppStore|x64.Build.0 = Release|Any CPU
		{E143310E-957A-4250-8FC6-9F3BC65616C3}.AppStore|x64.Deploy.0 = Release|Any CPU
		{E143310E-957A-4250-8FC6-9F3BC65616C3}.AppStore|x86.ActiveCfg = Release|x86
		{E143310E-957A-4250-8FC6-9F3BC65616C3}.AppStore|x86.Build.0 = Release|x86
		{E143310E-957A-4250-8FC6-9F3BC65616C3}.AppStore|x86.Deploy.0 = Release|x86
		{E143310E-957A-4250-8FC6-9F3BC65616C3}.Debug|Any CPU.ActiveCfg = Debug|Any CPU
		{E143310E-957A-4250-8FC6-9F3BC65616C3}.Debug|Any CPU.Build.0 = Debug|Any CPU
		{E143310E-957A-4250-8FC6-9F3BC65616C3}.Debug|Any CPU.Deploy.0 = Debug|Any CPU
		{E143310E-957A-4250-8FC6-9F3BC65616C3}.Debug|ARM.ActiveCfg = Debug|ARM
		{E143310E-957A-4250-8FC6-9F3BC65616C3}.Debug|ARM.Build.0 = Debug|ARM
		{E143310E-957A-4250-8FC6-9F3BC65616C3}.Debug|ARM.Deploy.0 = Debug|ARM
		{E143310E-957A-4250-8FC6-9F3BC65616C3}.Debug|iPhone.ActiveCfg = Debug|Any CPU
		{E143310E-957A-4250-8FC6-9F3BC65616C3}.Debug|iPhone.Build.0 = Debug|Any CPU
		{E143310E-957A-4250-8FC6-9F3BC65616C3}.Debug|iPhone.Deploy.0 = Debug|Any CPU
		{E143310E-957A-4250-8FC6-9F3BC65616C3}.Debug|iPhoneSimulator.ActiveCfg = Debug|Any CPU
		{E143310E-957A-4250-8FC6-9F3BC65616C3}.Debug|iPhoneSimulator.Build.0 = Debug|Any CPU
		{E143310E-957A-4250-8FC6-9F3BC65616C3}.Debug|iPhoneSimulator.Deploy.0 = Debug|Any CPU
		{E143310E-957A-4250-8FC6-9F3BC65616C3}.Debug|x64.ActiveCfg = Debug|Any CPU
		{E143310E-957A-4250-8FC6-9F3BC65616C3}.Debug|x64.Build.0 = Debug|Any CPU
		{E143310E-957A-4250-8FC6-9F3BC65616C3}.Debug|x64.Deploy.0 = Debug|Any CPU
		{E143310E-957A-4250-8FC6-9F3BC65616C3}.Debug|x86.ActiveCfg = Debug|x86
		{E143310E-957A-4250-8FC6-9F3BC65616C3}.Debug|x86.Build.0 = Debug|x86
		{E143310E-957A-4250-8FC6-9F3BC65616C3}.Debug|x86.Deploy.0 = Debug|x86
		{E143310E-957A-4250-8FC6-9F3BC65616C3}.Release|Any CPU.ActiveCfg = Release|Any CPU
		{E143310E-957A-4250-8FC6-9F3BC65616C3}.Release|Any CPU.Build.0 = Release|Any CPU
		{E143310E-957A-4250-8FC6-9F3BC65616C3}.Release|Any CPU.Deploy.0 = Release|Any CPU
		{E143310E-957A-4250-8FC6-9F3BC65616C3}.Release|ARM.ActiveCfg = Release|ARM
		{E143310E-957A-4250-8FC6-9F3BC65616C3}.Release|ARM.Build.0 = Release|ARM
		{E143310E-957A-4250-8FC6-9F3BC65616C3}.Release|ARM.Deploy.0 = Release|ARM
		{E143310E-957A-4250-8FC6-9F3BC65616C3}.Release|iPhone.ActiveCfg = Release|Any CPU
		{E143310E-957A-4250-8FC6-9F3BC65616C3}.Release|iPhone.Build.0 = Release|Any CPU
		{E143310E-957A-4250-8FC6-9F3BC65616C3}.Release|iPhone.Deploy.0 = Release|Any CPU
		{E143310E-957A-4250-8FC6-9F3BC65616C3}.Release|iPhoneSimulator.ActiveCfg = Release|Any CPU
		{E143310E-957A-4250-8FC6-9F3BC65616C3}.Release|iPhoneSimulator.Build.0 = Release|Any CPU
		{E143310E-957A-4250-8FC6-9F3BC65616C3}.Release|iPhoneSimulator.Deploy.0 = Release|Any CPU
		{E143310E-957A-4250-8FC6-9F3BC65616C3}.Release|x64.ActiveCfg = Release|Any CPU
		{E143310E-957A-4250-8FC6-9F3BC65616C3}.Release|x64.Build.0 = Release|Any CPU
		{E143310E-957A-4250-8FC6-9F3BC65616C3}.Release|x64.Deploy.0 = Release|Any CPU
		{E143310E-957A-4250-8FC6-9F3BC65616C3}.Release|x86.ActiveCfg = Release|x86
		{E143310E-957A-4250-8FC6-9F3BC65616C3}.Release|x86.Build.0 = Release|x86
		{E143310E-957A-4250-8FC6-9F3BC65616C3}.Release|x86.Deploy.0 = Release|x86
		{470FFA1C-3ED5-4ACD-A0BF-8FAAAFADED9A}.Ad-Hoc|Any CPU.ActiveCfg = Release|x86
		{470FFA1C-3ED5-4ACD-A0BF-8FAAAFADED9A}.Ad-Hoc|Any CPU.Build.0 = Release|x86
		{470FFA1C-3ED5-4ACD-A0BF-8FAAAFADED9A}.Ad-Hoc|Any CPU.Deploy.0 = Release|x86
		{470FFA1C-3ED5-4ACD-A0BF-8FAAAFADED9A}.Ad-Hoc|ARM.ActiveCfg = Release|ARM
		{470FFA1C-3ED5-4ACD-A0BF-8FAAAFADED9A}.Ad-Hoc|ARM.Build.0 = Release|ARM
		{470FFA1C-3ED5-4ACD-A0BF-8FAAAFADED9A}.Ad-Hoc|ARM.Deploy.0 = Release|ARM
		{470FFA1C-3ED5-4ACD-A0BF-8FAAAFADED9A}.Ad-Hoc|iPhone.ActiveCfg = Release|x86
		{470FFA1C-3ED5-4ACD-A0BF-8FAAAFADED9A}.Ad-Hoc|iPhone.Build.0 = Release|x86
		{470FFA1C-3ED5-4ACD-A0BF-8FAAAFADED9A}.Ad-Hoc|iPhone.Deploy.0 = Release|x86
		{470FFA1C-3ED5-4ACD-A0BF-8FAAAFADED9A}.Ad-Hoc|iPhoneSimulator.ActiveCfg = Release|x86
		{470FFA1C-3ED5-4ACD-A0BF-8FAAAFADED9A}.Ad-Hoc|iPhoneSimulator.Build.0 = Release|x86
		{470FFA1C-3ED5-4ACD-A0BF-8FAAAFADED9A}.Ad-Hoc|iPhoneSimulator.Deploy.0 = Release|x86
		{470FFA1C-3ED5-4ACD-A0BF-8FAAAFADED9A}.Ad-Hoc|x64.ActiveCfg = Release|x64
		{470FFA1C-3ED5-4ACD-A0BF-8FAAAFADED9A}.Ad-Hoc|x64.Build.0 = Release|x64
		{470FFA1C-3ED5-4ACD-A0BF-8FAAAFADED9A}.Ad-Hoc|x64.Deploy.0 = Release|x64
		{470FFA1C-3ED5-4ACD-A0BF-8FAAAFADED9A}.Ad-Hoc|x86.ActiveCfg = Release|x86
		{470FFA1C-3ED5-4ACD-A0BF-8FAAAFADED9A}.Ad-Hoc|x86.Build.0 = Release|x86
		{470FFA1C-3ED5-4ACD-A0BF-8FAAAFADED9A}.Ad-Hoc|x86.Deploy.0 = Release|x86
		{470FFA1C-3ED5-4ACD-A0BF-8FAAAFADED9A}.AppStore|Any CPU.ActiveCfg = Release|x86
		{470FFA1C-3ED5-4ACD-A0BF-8FAAAFADED9A}.AppStore|Any CPU.Build.0 = Release|x86
		{470FFA1C-3ED5-4ACD-A0BF-8FAAAFADED9A}.AppStore|Any CPU.Deploy.0 = Release|x86
		{470FFA1C-3ED5-4ACD-A0BF-8FAAAFADED9A}.AppStore|ARM.ActiveCfg = Release|ARM
		{470FFA1C-3ED5-4ACD-A0BF-8FAAAFADED9A}.AppStore|ARM.Build.0 = Release|ARM
		{470FFA1C-3ED5-4ACD-A0BF-8FAAAFADED9A}.AppStore|ARM.Deploy.0 = Release|ARM
		{470FFA1C-3ED5-4ACD-A0BF-8FAAAFADED9A}.AppStore|iPhone.ActiveCfg = Release|x86
		{470FFA1C-3ED5-4ACD-A0BF-8FAAAFADED9A}.AppStore|iPhone.Build.0 = Release|x86
		{470FFA1C-3ED5-4ACD-A0BF-8FAAAFADED9A}.AppStore|iPhone.Deploy.0 = Release|x86
		{470FFA1C-3ED5-4ACD-A0BF-8FAAAFADED9A}.AppStore|iPhoneSimulator.ActiveCfg = Release|x86
		{470FFA1C-3ED5-4ACD-A0BF-8FAAAFADED9A}.AppStore|iPhoneSimulator.Build.0 = Release|x86
		{470FFA1C-3ED5-4ACD-A0BF-8FAAAFADED9A}.AppStore|iPhoneSimulator.Deploy.0 = Release|x86
		{470FFA1C-3ED5-4ACD-A0BF-8FAAAFADED9A}.AppStore|x64.ActiveCfg = Release|x64
		{470FFA1C-3ED5-4ACD-A0BF-8FAAAFADED9A}.AppStore|x64.Build.0 = Release|x64
		{470FFA1C-3ED5-4ACD-A0BF-8FAAAFADED9A}.AppStore|x64.Deploy.0 = Release|x64
		{470FFA1C-3ED5-4ACD-A0BF-8FAAAFADED9A}.AppStore|x86.ActiveCfg = Release|x86
		{470FFA1C-3ED5-4ACD-A0BF-8FAAAFADED9A}.AppStore|x86.Build.0 = Release|x86
		{470FFA1C-3ED5-4ACD-A0BF-8FAAAFADED9A}.AppStore|x86.Deploy.0 = Release|x86
		{470FFA1C-3ED5-4ACD-A0BF-8FAAAFADED9A}.Debug|Any CPU.ActiveCfg = Debug|x86
		{470FFA1C-3ED5-4ACD-A0BF-8FAAAFADED9A}.Debug|Any CPU.Build.0 = Debug|x86
		{470FFA1C-3ED5-4ACD-A0BF-8FAAAFADED9A}.Debug|Any CPU.Deploy.0 = Debug|x86
		{470FFA1C-3ED5-4ACD-A0BF-8FAAAFADED9A}.Debug|ARM.ActiveCfg = Debug|ARM
		{470FFA1C-3ED5-4ACD-A0BF-8FAAAFADED9A}.Debug|ARM.Build.0 = Debug|ARM
		{470FFA1C-3ED5-4ACD-A0BF-8FAAAFADED9A}.Debug|ARM.Deploy.0 = Debug|ARM
		{470FFA1C-3ED5-4ACD-A0BF-8FAAAFADED9A}.Debug|iPhone.ActiveCfg = Debug|x86
		{470FFA1C-3ED5-4ACD-A0BF-8FAAAFADED9A}.Debug|iPhoneSimulator.ActiveCfg = Debug|x86
		{470FFA1C-3ED5-4ACD-A0BF-8FAAAFADED9A}.Debug|x64.ActiveCfg = Debug|x64
		{470FFA1C-3ED5-4ACD-A0BF-8FAAAFADED9A}.Debug|x64.Build.0 = Debug|x64
		{470FFA1C-3ED5-4ACD-A0BF-8FAAAFADED9A}.Debug|x64.Deploy.0 = Debug|x64
		{470FFA1C-3ED5-4ACD-A0BF-8FAAAFADED9A}.Debug|x86.ActiveCfg = Debug|x86
		{470FFA1C-3ED5-4ACD-A0BF-8FAAAFADED9A}.Debug|x86.Build.0 = Debug|x86
		{470FFA1C-3ED5-4ACD-A0BF-8FAAAFADED9A}.Debug|x86.Deploy.0 = Debug|x86
		{470FFA1C-3ED5-4ACD-A0BF-8FAAAFADED9A}.Release|Any CPU.ActiveCfg = Release|x86
		{470FFA1C-3ED5-4ACD-A0BF-8FAAAFADED9A}.Release|ARM.ActiveCfg = Release|ARM
		{470FFA1C-3ED5-4ACD-A0BF-8FAAAFADED9A}.Release|ARM.Build.0 = Release|ARM
		{470FFA1C-3ED5-4ACD-A0BF-8FAAAFADED9A}.Release|ARM.Deploy.0 = Release|ARM
		{470FFA1C-3ED5-4ACD-A0BF-8FAAAFADED9A}.Release|iPhone.ActiveCfg = Release|x86
		{470FFA1C-3ED5-4ACD-A0BF-8FAAAFADED9A}.Release|iPhoneSimulator.ActiveCfg = Release|x86
		{470FFA1C-3ED5-4ACD-A0BF-8FAAAFADED9A}.Release|x64.ActiveCfg = Release|x64
		{470FFA1C-3ED5-4ACD-A0BF-8FAAAFADED9A}.Release|x64.Build.0 = Release|x64
		{470FFA1C-3ED5-4ACD-A0BF-8FAAAFADED9A}.Release|x64.Deploy.0 = Release|x64
		{470FFA1C-3ED5-4ACD-A0BF-8FAAAFADED9A}.Release|x86.ActiveCfg = Release|x86
		{470FFA1C-3ED5-4ACD-A0BF-8FAAAFADED9A}.Release|x86.Build.0 = Release|x86
		{470FFA1C-3ED5-4ACD-A0BF-8FAAAFADED9A}.Release|x86.Deploy.0 = Release|x86
		{5D8E7B90-A51E-4975-9EAD-54A9694995CF}.Ad-Hoc|Any CPU.ActiveCfg = Release|Any CPU
		{5D8E7B90-A51E-4975-9EAD-54A9694995CF}.Ad-Hoc|Any CPU.Build.0 = Release|Any CPU
		{5D8E7B90-A51E-4975-9EAD-54A9694995CF}.Ad-Hoc|Any CPU.Deploy.0 = Release|Any CPU
		{5D8E7B90-A51E-4975-9EAD-54A9694995CF}.Ad-Hoc|ARM.ActiveCfg = Release|ARM
		{5D8E7B90-A51E-4975-9EAD-54A9694995CF}.Ad-Hoc|ARM.Build.0 = Release|ARM
		{5D8E7B90-A51E-4975-9EAD-54A9694995CF}.Ad-Hoc|ARM.Deploy.0 = Release|ARM
		{5D8E7B90-A51E-4975-9EAD-54A9694995CF}.Ad-Hoc|iPhone.ActiveCfg = Release|Any CPU
		{5D8E7B90-A51E-4975-9EAD-54A9694995CF}.Ad-Hoc|iPhone.Build.0 = Release|Any CPU
		{5D8E7B90-A51E-4975-9EAD-54A9694995CF}.Ad-Hoc|iPhone.Deploy.0 = Release|Any CPU
		{5D8E7B90-A51E-4975-9EAD-54A9694995CF}.Ad-Hoc|iPhoneSimulator.ActiveCfg = Release|Any CPU
		{5D8E7B90-A51E-4975-9EAD-54A9694995CF}.Ad-Hoc|iPhoneSimulator.Build.0 = Release|Any CPU
		{5D8E7B90-A51E-4975-9EAD-54A9694995CF}.Ad-Hoc|iPhoneSimulator.Deploy.0 = Release|Any CPU
		{5D8E7B90-A51E-4975-9EAD-54A9694995CF}.Ad-Hoc|x64.ActiveCfg = Release|x64
		{5D8E7B90-A51E-4975-9EAD-54A9694995CF}.Ad-Hoc|x64.Build.0 = Release|x64
		{5D8E7B90-A51E-4975-9EAD-54A9694995CF}.Ad-Hoc|x64.Deploy.0 = Release|x64
		{5D8E7B90-A51E-4975-9EAD-54A9694995CF}.Ad-Hoc|x86.ActiveCfg = Release|x86
		{5D8E7B90-A51E-4975-9EAD-54A9694995CF}.Ad-Hoc|x86.Build.0 = Release|x86
		{5D8E7B90-A51E-4975-9EAD-54A9694995CF}.Ad-Hoc|x86.Deploy.0 = Release|x86
		{5D8E7B90-A51E-4975-9EAD-54A9694995CF}.AppStore|Any CPU.ActiveCfg = Release|Any CPU
		{5D8E7B90-A51E-4975-9EAD-54A9694995CF}.AppStore|Any CPU.Build.0 = Release|Any CPU
		{5D8E7B90-A51E-4975-9EAD-54A9694995CF}.AppStore|Any CPU.Deploy.0 = Release|Any CPU
		{5D8E7B90-A51E-4975-9EAD-54A9694995CF}.AppStore|ARM.ActiveCfg = Release|ARM
		{5D8E7B90-A51E-4975-9EAD-54A9694995CF}.AppStore|ARM.Build.0 = Release|ARM
		{5D8E7B90-A51E-4975-9EAD-54A9694995CF}.AppStore|ARM.Deploy.0 = Release|ARM
		{5D8E7B90-A51E-4975-9EAD-54A9694995CF}.AppStore|iPhone.ActiveCfg = Release|Any CPU
		{5D8E7B90-A51E-4975-9EAD-54A9694995CF}.AppStore|iPhone.Build.0 = Release|Any CPU
		{5D8E7B90-A51E-4975-9EAD-54A9694995CF}.AppStore|iPhone.Deploy.0 = Release|Any CPU
		{5D8E7B90-A51E-4975-9EAD-54A9694995CF}.AppStore|iPhoneSimulator.ActiveCfg = Release|Any CPU
		{5D8E7B90-A51E-4975-9EAD-54A9694995CF}.AppStore|iPhoneSimulator.Build.0 = Release|Any CPU
		{5D8E7B90-A51E-4975-9EAD-54A9694995CF}.AppStore|iPhoneSimulator.Deploy.0 = Release|Any CPU
		{5D8E7B90-A51E-4975-9EAD-54A9694995CF}.AppStore|x64.ActiveCfg = Release|x64
		{5D8E7B90-A51E-4975-9EAD-54A9694995CF}.AppStore|x64.Build.0 = Release|x64
		{5D8E7B90-A51E-4975-9EAD-54A9694995CF}.AppStore|x64.Deploy.0 = Release|x64
		{5D8E7B90-A51E-4975-9EAD-54A9694995CF}.AppStore|x86.ActiveCfg = Release|x86
		{5D8E7B90-A51E-4975-9EAD-54A9694995CF}.AppStore|x86.Build.0 = Release|x86
		{5D8E7B90-A51E-4975-9EAD-54A9694995CF}.AppStore|x86.Deploy.0 = Release|x86
		{5D8E7B90-A51E-4975-9EAD-54A9694995CF}.Debug|Any CPU.ActiveCfg = Debug|Any CPU
		{5D8E7B90-A51E-4975-9EAD-54A9694995CF}.Debug|Any CPU.Build.0 = Debug|Any CPU
		{5D8E7B90-A51E-4975-9EAD-54A9694995CF}.Debug|Any CPU.Deploy.0 = Debug|Any CPU
		{5D8E7B90-A51E-4975-9EAD-54A9694995CF}.Debug|ARM.ActiveCfg = Debug|ARM
		{5D8E7B90-A51E-4975-9EAD-54A9694995CF}.Debug|ARM.Build.0 = Debug|ARM
		{5D8E7B90-A51E-4975-9EAD-54A9694995CF}.Debug|ARM.Deploy.0 = Debug|ARM
		{5D8E7B90-A51E-4975-9EAD-54A9694995CF}.Debug|iPhone.ActiveCfg = Debug|Any CPU
		{5D8E7B90-A51E-4975-9EAD-54A9694995CF}.Debug|iPhone.Build.0 = Debug|Any CPU
		{5D8E7B90-A51E-4975-9EAD-54A9694995CF}.Debug|iPhone.Deploy.0 = Debug|Any CPU
		{5D8E7B90-A51E-4975-9EAD-54A9694995CF}.Debug|iPhoneSimulator.ActiveCfg = Debug|Any CPU
		{5D8E7B90-A51E-4975-9EAD-54A9694995CF}.Debug|iPhoneSimulator.Build.0 = Debug|Any CPU
		{5D8E7B90-A51E-4975-9EAD-54A9694995CF}.Debug|iPhoneSimulator.Deploy.0 = Debug|Any CPU
		{5D8E7B90-A51E-4975-9EAD-54A9694995CF}.Debug|x64.ActiveCfg = Debug|x64
		{5D8E7B90-A51E-4975-9EAD-54A9694995CF}.Debug|x64.Build.0 = Debug|x64
		{5D8E7B90-A51E-4975-9EAD-54A9694995CF}.Debug|x64.Deploy.0 = Debug|x64
		{5D8E7B90-A51E-4975-9EAD-54A9694995CF}.Debug|x86.ActiveCfg = Debug|x86
		{5D8E7B90-A51E-4975-9EAD-54A9694995CF}.Debug|x86.Build.0 = Debug|x86
		{5D8E7B90-A51E-4975-9EAD-54A9694995CF}.Debug|x86.Deploy.0 = Debug|x86
		{5D8E7B90-A51E-4975-9EAD-54A9694995CF}.Release|Any CPU.ActiveCfg = Release|Any CPU
		{5D8E7B90-A51E-4975-9EAD-54A9694995CF}.Release|Any CPU.Build.0 = Release|Any CPU
		{5D8E7B90-A51E-4975-9EAD-54A9694995CF}.Release|Any CPU.Deploy.0 = Release|Any CPU
		{5D8E7B90-A51E-4975-9EAD-54A9694995CF}.Release|ARM.ActiveCfg = Release|ARM
		{5D8E7B90-A51E-4975-9EAD-54A9694995CF}.Release|ARM.Build.0 = Release|ARM
		{5D8E7B90-A51E-4975-9EAD-54A9694995CF}.Release|ARM.Deploy.0 = Release|ARM
		{5D8E7B90-A51E-4975-9EAD-54A9694995CF}.Release|iPhone.ActiveCfg = Release|Any CPU
		{5D8E7B90-A51E-4975-9EAD-54A9694995CF}.Release|iPhone.Build.0 = Release|Any CPU
		{5D8E7B90-A51E-4975-9EAD-54A9694995CF}.Release|iPhone.Deploy.0 = Release|Any CPU
		{5D8E7B90-A51E-4975-9EAD-54A9694995CF}.Release|iPhoneSimulator.ActiveCfg = Release|Any CPU
		{5D8E7B90-A51E-4975-9EAD-54A9694995CF}.Release|iPhoneSimulator.Build.0 = Release|Any CPU
		{5D8E7B90-A51E-4975-9EAD-54A9694995CF}.Release|iPhoneSimulator.Deploy.0 = Release|Any CPU
		{5D8E7B90-A51E-4975-9EAD-54A9694995CF}.Release|x64.ActiveCfg = Release|x64
		{5D8E7B90-A51E-4975-9EAD-54A9694995CF}.Release|x64.Build.0 = Release|x64
		{5D8E7B90-A51E-4975-9EAD-54A9694995CF}.Release|x64.Deploy.0 = Release|x64
		{5D8E7B90-A51E-4975-9EAD-54A9694995CF}.Release|x86.ActiveCfg = Release|x86
		{5D8E7B90-A51E-4975-9EAD-54A9694995CF}.Release|x86.Build.0 = Release|x86
		{5D8E7B90-A51E-4975-9EAD-54A9694995CF}.Release|x86.Deploy.0 = Release|x86
		{0D2443BE-11E6-40A6-9DEE-2E536847A753}.Ad-Hoc|Any CPU.ActiveCfg = Release|Any CPU
		{0D2443BE-11E6-40A6-9DEE-2E536847A753}.Ad-Hoc|Any CPU.Build.0 = Release|Any CPU
		{0D2443BE-11E6-40A6-9DEE-2E536847A753}.Ad-Hoc|ARM.ActiveCfg = Release|Any CPU
		{0D2443BE-11E6-40A6-9DEE-2E536847A753}.Ad-Hoc|ARM.Build.0 = Release|Any CPU
		{0D2443BE-11E6-40A6-9DEE-2E536847A753}.Ad-Hoc|iPhone.ActiveCfg = Release|Any CPU
		{0D2443BE-11E6-40A6-9DEE-2E536847A753}.Ad-Hoc|iPhone.Build.0 = Release|Any CPU
		{0D2443BE-11E6-40A6-9DEE-2E536847A753}.Ad-Hoc|iPhoneSimulator.ActiveCfg = Release|Any CPU
		{0D2443BE-11E6-40A6-9DEE-2E536847A753}.Ad-Hoc|iPhoneSimulator.Build.0 = Release|Any CPU
		{0D2443BE-11E6-40A6-9DEE-2E536847A753}.Ad-Hoc|x64.ActiveCfg = Release|Any CPU
		{0D2443BE-11E6-40A6-9DEE-2E536847A753}.Ad-Hoc|x64.Build.0 = Release|Any CPU
		{0D2443BE-11E6-40A6-9DEE-2E536847A753}.Ad-Hoc|x86.ActiveCfg = Release|Any CPU
		{0D2443BE-11E6-40A6-9DEE-2E536847A753}.Ad-Hoc|x86.Build.0 = Release|Any CPU
		{0D2443BE-11E6-40A6-9DEE-2E536847A753}.AppStore|Any CPU.ActiveCfg = Release|Any CPU
		{0D2443BE-11E6-40A6-9DEE-2E536847A753}.AppStore|Any CPU.Build.0 = Release|Any CPU
		{0D2443BE-11E6-40A6-9DEE-2E536847A753}.AppStore|ARM.ActiveCfg = Release|Any CPU
		{0D2443BE-11E6-40A6-9DEE-2E536847A753}.AppStore|ARM.Build.0 = Release|Any CPU
		{0D2443BE-11E6-40A6-9DEE-2E536847A753}.AppStore|iPhone.ActiveCfg = Release|Any CPU
		{0D2443BE-11E6-40A6-9DEE-2E536847A753}.AppStore|iPhone.Build.0 = Release|Any CPU
		{0D2443BE-11E6-40A6-9DEE-2E536847A753}.AppStore|iPhoneSimulator.ActiveCfg = Release|Any CPU
		{0D2443BE-11E6-40A6-9DEE-2E536847A753}.AppStore|iPhoneSimulator.Build.0 = Release|Any CPU
		{0D2443BE-11E6-40A6-9DEE-2E536847A753}.AppStore|x64.ActiveCfg = Release|Any CPU
		{0D2443BE-11E6-40A6-9DEE-2E536847A753}.AppStore|x64.Build.0 = Release|Any CPU
		{0D2443BE-11E6-40A6-9DEE-2E536847A753}.AppStore|x86.ActiveCfg = Release|Any CPU
		{0D2443BE-11E6-40A6-9DEE-2E536847A753}.AppStore|x86.Build.0 = Release|Any CPU
		{0D2443BE-11E6-40A6-9DEE-2E536847A753}.Debug|Any CPU.ActiveCfg = Debug|Any CPU
		{0D2443BE-11E6-40A6-9DEE-2E536847A753}.Debug|Any CPU.Build.0 = Debug|Any CPU
		{0D2443BE-11E6-40A6-9DEE-2E536847A753}.Debug|ARM.ActiveCfg = Debug|Any CPU
		{0D2443BE-11E6-40A6-9DEE-2E536847A753}.Debug|ARM.Build.0 = Debug|Any CPU
		{0D2443BE-11E6-40A6-9DEE-2E536847A753}.Debug|iPhone.ActiveCfg = Debug|Any CPU
		{0D2443BE-11E6-40A6-9DEE-2E536847A753}.Debug|iPhone.Build.0 = Debug|Any CPU
		{0D2443BE-11E6-40A6-9DEE-2E536847A753}.Debug|iPhoneSimulator.ActiveCfg = Debug|Any CPU
		{0D2443BE-11E6-40A6-9DEE-2E536847A753}.Debug|iPhoneSimulator.Build.0 = Debug|Any CPU
		{0D2443BE-11E6-40A6-9DEE-2E536847A753}.Debug|x64.ActiveCfg = Debug|Any CPU
		{0D2443BE-11E6-40A6-9DEE-2E536847A753}.Debug|x64.Build.0 = Debug|Any CPU
		{0D2443BE-11E6-40A6-9DEE-2E536847A753}.Debug|x86.ActiveCfg = Debug|Any CPU
		{0D2443BE-11E6-40A6-9DEE-2E536847A753}.Debug|x86.Build.0 = Debug|Any CPU
		{0D2443BE-11E6-40A6-9DEE-2E536847A753}.Release|Any CPU.ActiveCfg = Release|Any CPU
		{0D2443BE-11E6-40A6-9DEE-2E536847A753}.Release|Any CPU.Build.0 = Release|Any CPU
		{0D2443BE-11E6-40A6-9DEE-2E536847A753}.Release|ARM.ActiveCfg = Release|Any CPU
		{0D2443BE-11E6-40A6-9DEE-2E536847A753}.Release|ARM.Build.0 = Release|Any CPU
		{0D2443BE-11E6-40A6-9DEE-2E536847A753}.Release|iPhone.ActiveCfg = Release|Any CPU
		{0D2443BE-11E6-40A6-9DEE-2E536847A753}.Release|iPhone.Build.0 = Release|Any CPU
		{0D2443BE-11E6-40A6-9DEE-2E536847A753}.Release|iPhoneSimulator.ActiveCfg = Release|Any CPU
		{0D2443BE-11E6-40A6-9DEE-2E536847A753}.Release|iPhoneSimulator.Build.0 = Release|Any CPU
		{0D2443BE-11E6-40A6-9DEE-2E536847A753}.Release|x64.ActiveCfg = Release|Any CPU
		{0D2443BE-11E6-40A6-9DEE-2E536847A753}.Release|x64.Build.0 = Release|Any CPU
		{0D2443BE-11E6-40A6-9DEE-2E536847A753}.Release|x86.ActiveCfg = Release|Any CPU
		{0D2443BE-11E6-40A6-9DEE-2E536847A753}.Release|x86.Build.0 = Release|Any CPU
	EndGlobalSection
	GlobalSection(SolutionProperties) = preSolution
		HideSolutionNode = FALSE
	EndGlobalSection
EndGlobal
